
Microsoft Visual Studio Solution File, Format Version 12.00
# Visual Studio Version 17
VisualStudioVersion = 17.14.36518.9 d17.14
MinimumVisualStudioVersion = 10.0.40219.1
Project("{FAE04EC0-301F-11D3-BF4B-00C04F79EFBC}") = "lab22ex1", "lab22ex1\lab22ex1.csproj", "{0C263127-077D-46E1-991B-9B4593E9A529}"
EndProject
Project("{FAE04EC0-301F-11D3-BF4B-00C04F79EFBC}") = "lab22ex2_InheritanceInDataTemplates", "lab22ex2_InheritanceInDataTemplates\lab22ex2_InheritanceInDataTemplates.csproj", "{8A6B65C0-1F79-4337-8C5F-29406E331B55}"
EndProject
Global
	GlobalSection(SolutionConfigurationPlatforms) = preSolution
		Debug|Any CPU = Debug|Any CPU
		Release|Any CPU = Release|Any CPU
	EndGlobalSection
	GlobalSection(ProjectConfigurationPlatforms) = postSolution
		{0C263127-077D-46E1-991B-9B4593E9A529}.Debug|Any CPU.ActiveCfg = Debug|Any CPU
		{0C263127-077D-46E1-991B-9B4593E9A529}.Debug|Any CPU.Build.0 = Debug|Any CPU
		{0C263127-077D-46E1-991B-9B4593E9A529}.Release|Any CPU.ActiveCfg = Release|Any CPU
		{0C263127-077D-46E1-991B-9B4593E9A529}.Release|Any CPU.Build.0 = Release|Any CPU
		{8A6B65C0-1F79-4337-8C5F-29406E331B55}.Debug|Any CPU.ActiveCfg = Debug|Any CPU
		{8A6B65C0-1F79-4337-8C5F-29406E331B55}.Debug|Any CPU.Build.0 = Debug|Any CPU
		{8A6B65C0-1F79-4337-8C5F-29406E331B55}.Release|Any CPU.ActiveCfg = Release|Any CPU
		{8A6B65C0-1F79-4337-8C5F-29406E331B55}.Release|Any CPU.Build.0 = Release|Any CPU
	EndGlobalSection
	GlobalSection(SolutionProperties) = preSolution
		HideSolutionNode = FALSE
	EndGlobalSection
	GlobalSection(ExtensibilityGlobals) = postSolution
		SolutionGuid = {8890A51C-F5B8-4731-AA0E-32959137841D}
	EndGlobalSection
EndGlobal
