
Microsoft Visual Studio Solution File, Format Version 12.00
# Visual Studio Version 17
VisualStudioVersion = 17.14.36518.9
MinimumVisualStudioVersion = 10.0.40219.1
Project("{FAE04EC0-301F-11D3-BF4B-00C04F79EFBC}") = "11_MyEmptyWPFApp_exercise_1", "11_MyEmptyWPFApp_exercise_1\11_MyEmptyWPFApp_exercise_1.csproj", "{99A5449A-8B92-4B79-8D4F-F0F7420B8428}"
EndProject
Project("{FAE04EC0-301F-11D3-BF4B-00C04F79EFBC}") = "ManualWPFApp_exercise_2", "11_MyEmptyWPFApp_exercise_2\ManualWPFApp_exercise_2.csproj", "{780088B6-9B93-4468-A17E-C555A54799E5}"
EndProject
Project("{FAE04EC0-301F-11D3-BF4B-00C04F79EFBC}") = "MyFirstWPFApp_exercise_3", "MyFirstWPFApp_exercise_3\MyFirstWPFApp_exercise_3.csproj", "{F5D13946-91D2-4D8B-9A67-BDFB2BD540C3}"
EndProject
Project("{FAE04EC0-301F-11D3-BF4B-00C04F79EFBC}") = "ManyWindows_exercise_5", "ManyWindows_exercise_5\ManyWindows_exercise_5.csproj", "{2E8AFE71-3447-470D-BB18-03133EB6420F}"
EndProject
Project("{FAE04EC0-301F-11D3-BF4B-00C04F79EFBC}") = "lab11_task1", "lab11_task1\lab11_task1.csproj", "{3DCE7AD5-52E0-4B51-B774-DCFDAC686E62}"
EndProject
Global
	GlobalSection(SolutionConfigurationPlatforms) = preSolution
		Debug|Any CPU = Debug|Any CPU
		Release|Any CPU = Release|Any CPU
	EndGlobalSection
	GlobalSection(ProjectConfigurationPlatforms) = postSolution
		{99A5449A-8B92-4B79-8D4F-F0F7420B8428}.Debug|Any CPU.ActiveCfg = Debug|Any CPU
		{99A5449A-8B92-4B79-8D4F-F0F7420B8428}.Debug|Any CPU.Build.0 = Debug|Any CPU
		{99A5449A-8B92-4B79-8D4F-F0F7420B8428}.Release|Any CPU.ActiveCfg = Release|Any CPU
		{99A5449A-8B92-4B79-8D4F-F0F7420B8428}.Release|Any CPU.Build.0 = Release|Any CPU
		{780088B6-9B93-4468-A17E-C555A54799E5}.Debug|Any CPU.ActiveCfg = Debug|Any CPU
		{780088B6-9B93-4468-A17E-C555A54799E5}.Debug|Any CPU.Build.0 = Debug|Any CPU
		{780088B6-9B93-4468-A17E-C555A54799E5}.Release|Any CPU.ActiveCfg = Release|Any CPU
		{780088B6-9B93-4468-A17E-C555A54799E5}.Release|Any CPU.Build.0 = Release|Any CPU
		{F5D13946-91D2-4D8B-9A67-BDFB2BD540C3}.Debug|Any CPU.ActiveCfg = Release|Any CPU
		{F5D13946-91D2-4D8B-9A67-BDFB2BD540C3}.Debug|Any CPU.Build.0 = Release|Any CPU
		{F5D13946-91D2-4D8B-9A67-BDFB2BD540C3}.Release|Any CPU.ActiveCfg = Release|Any CPU
		{F5D13946-91D2-4D8B-9A67-BDFB2BD540C3}.Release|Any CPU.Build.0 = Release|Any CPU
		{2E8AFE71-3447-470D-BB18-03133EB6420F}.Debug|Any CPU.ActiveCfg = Debug|Any CPU
		{2E8AFE71-3447-470D-BB18-03133EB6420F}.Debug|Any CPU.Build.0 = Debug|Any CPU
		{2E8AFE71-3447-470D-BB18-03133EB6420F}.Release|Any CPU.ActiveCfg = Release|Any CPU
		{2E8AFE71-3447-470D-BB18-03133EB6420F}.Release|Any CPU.Build.0 = Release|Any CPU
		{3DCE7AD5-52E0-4B51-B774-DCFDAC686E62}.Debug|Any CPU.ActiveCfg = Debug|Any CPU
		{3DCE7AD5-52E0-4B51-B774-DCFDAC686E62}.Debug|Any CPU.Build.0 = Debug|Any CPU
		{3DCE7AD5-52E0-4B51-B774-DCFDAC686E62}.Release|Any CPU.ActiveCfg = Release|Any CPU
		{3DCE7AD5-52E0-4B51-B774-DCFDAC686E62}.Release|Any CPU.Build.0 = Release|Any CPU
	EndGlobalSection
	GlobalSection(SolutionProperties) = preSolution
		HideSolutionNode = FALSE
	EndGlobalSection
	GlobalSection(ExtensibilityGlobals) = postSolution
		SolutionGuid = {DB8FF6E6-2118-4F1A-A8FB-7055DB426CB1}
	EndGlobalSection
EndGlobal
